
Microsoft Visual Studio Solution File, Format Version 12.00
# Visual Studio Version 16
VisualStudioVersion = 16.0.30523.141
MinimumVisualStudioVersion = 10.0.40219.1
Project("{9A19103F-16F7-4668-BE54-9A1E7A4F7556}") = "WriterManagementWebAPI.Entities", "WriterManagementWebAPI.Entities\WriterManagementWebAPI.Entities.csproj", "{2282E2B2-D7FD-4B10-A9CC-0A76BA33E37F}"
EndProject
Project("{9A19103F-16F7-4668-BE54-9A1E7A4F7556}") = "WriterManagementWebAPI.DataAccess", "WriterManagementWebAPI.DataAccess\WriterManagementWebAPI.DataAccess.csproj", "{81961E7E-8E6B-4673-9942-D027CEF14088}"
EndProject
Project("{9A19103F-16F7-4668-BE54-9A1E7A4F7556}") = "WriterManagementWebAPI.Business", "WriterManagementWebAPI.Business\WriterManagementWebAPI.Business.csproj", "{79281399-234E-4AA4-AF23-6F4A8A5222DF}"
EndProject
Project("{9A19103F-16F7-4668-BE54-9A1E7A4F7556}") = "WriterManagementWebAPI.DTO", "WriterManagementWebAPI.DTO\WriterManagementWebAPI.DTO.csproj", "{7A1B8639-C80F-4D71-84C9-E74A23DCE2F1}"
EndProject
Project("{FAE04EC0-301F-11D3-BF4B-00C04F79EFBC}") = "WriterManagementWebAPI.WebApi", "WriterManagementWebAPI.WebApi\WriterManagementWebAPI.WebApi.csproj", "{9129EB45-FA25-48BF-9D41-4FBB3A8E4F68}"
EndProject
Global
	GlobalSection(SolutionConfigurationPlatforms) = preSolution
		Debug|Any CPU = Debug|Any CPU
		Release|Any CPU = Release|Any CPU
	EndGlobalSection
	GlobalSection(ProjectConfigurationPlatforms) = postSolution
		{2282E2B2-D7FD-4B10-A9CC-0A76BA33E37F}.Debug|Any CPU.ActiveCfg = Debug|Any CPU
		{2282E2B2-D7FD-4B10-A9CC-0A76BA33E37F}.Debug|Any CPU.Build.0 = Debug|Any CPU
		{2282E2B2-D7FD-4B10-A9CC-0A76BA33E37F}.Release|Any CPU.ActiveCfg = Release|Any CPU
		{2282E2B2-D7FD-4B10-A9CC-0A76BA33E37F}.Release|Any CPU.Build.0 = Release|Any CPU
		{81961E7E-8E6B-4673-9942-D027CEF14088}.Debug|Any CPU.ActiveCfg = Debug|Any CPU
		{81961E7E-8E6B-4673-9942-D027CEF14088}.Debug|Any CPU.Build.0 = Debug|Any CPU
		{81961E7E-8E6B-4673-9942-D027CEF14088}.Release|Any CPU.ActiveCfg = Release|Any CPU
		{81961E7E-8E6B-4673-9942-D027CEF14088}.Release|Any CPU.Build.0 = Release|Any CPU
		{79281399-234E-4AA4-AF23-6F4A8A5222DF}.Debug|Any CPU.ActiveCfg = Debug|Any CPU
		{79281399-234E-4AA4-AF23-6F4A8A5222DF}.Debug|Any CPU.Build.0 = Debug|Any CPU
		{79281399-234E-4AA4-AF23-6F4A8A5222DF}.Release|Any CPU.ActiveCfg = Release|Any CPU
		{79281399-234E-4AA4-AF23-6F4A8A5222DF}.Release|Any CPU.Build.0 = Release|Any CPU
		{7A1B8639-C80F-4D71-84C9-E74A23DCE2F1}.Debug|Any CPU.ActiveCfg = Debug|Any CPU
		{7A1B8639-C80F-4D71-84C9-E74A23DCE2F1}.Debug|Any CPU.Build.0 = Debug|Any CPU
		{7A1B8639-C80F-4D71-84C9-E74A23DCE2F1}.Release|Any CPU.ActiveCfg = Release|Any CPU
		{7A1B8639-C80F-4D71-84C9-E74A23DCE2F1}.Release|Any CPU.Build.0 = Release|Any CPU
		{9129EB45-FA25-48BF-9D41-4FBB3A8E4F68}.Debug|Any CPU.ActiveCfg = Debug|Any CPU
		{9129EB45-FA25-48BF-9D41-4FBB3A8E4F68}.Debug|Any CPU.Build.0 = Debug|Any CPU
		{9129EB45-FA25-48BF-9D41-4FBB3A8E4F68}.Release|Any CPU.ActiveCfg = Release|Any CPU
		{9129EB45-FA25-48BF-9D41-4FBB3A8E4F68}.Release|Any CPU.Build.0 = Release|Any CPU
	EndGlobalSection
	GlobalSection(SolutionProperties) = preSolution
		HideSolutionNode = FALSE
	EndGlobalSection
	GlobalSection(ExtensibilityGlobals) = postSolution
		SolutionGuid = {4805FC88-9C4A-4915-A808-0BA023F17873}
	EndGlobalSection
EndGlobal
